
Microsoft Visual Studio Solution File, Format Version 12.00
# Visual Studio Version 16
VisualStudioVersion = 16.0.32228.343
MinimumVisualStudioVersion = 10.0.40219.1
Project("{FAE04EC0-301F-11D3-BF4B-00C04F79EFBC}") = "SmartDJ++", "SmartDJ++\SmartDJ++.csproj", "{91913F60-64AD-4AE4-A566-649D8F21264D}"
EndProject
Project("{9A19103F-16F7-4668-BE54-9A1E7A4F7556}") = "TaglibSharp", "taglib-sharp-TaglibSharp-2.2.0.0\src\TaglibSharp\TaglibSharp.csproj", "{2289547E-2563-4FB1-80EF-88975BB340B9}"
EndProject
Global
	GlobalSection(SolutionConfigurationPlatforms) = preSolution
		Debug|Any CPU = Debug|Any CPU
		Release|Any CPU = Release|Any CPU
	EndGlobalSection
	GlobalSection(ProjectConfigurationPlatforms) = postSolution
		{91913F60-64AD-4AE4-A566-649D8F21264D}.Debug|Any CPU.ActiveCfg = Debug|Any CPU
		{91913F60-64AD-4AE4-A566-649D8F21264D}.Debug|Any CPU.Build.0 = Debug|Any CPU
		{91913F60-64AD-4AE4-A566-649D8F21264D}.Release|Any CPU.ActiveCfg = Release|Any CPU
		{91913F60-64AD-4AE4-A566-649D8F21264D}.Release|Any CPU.Build.0 = Release|Any CPU
		{2289547E-2563-4FB1-80EF-88975BB340B9}.Debug|Any CPU.ActiveCfg = Debug|Any CPU
		{2289547E-2563-4FB1-80EF-88975BB340B9}.Debug|Any CPU.Build.0 = Debug|Any CPU
		{2289547E-2563-4FB1-80EF-88975BB340B9}.Release|Any CPU.ActiveCfg = Release|Any CPU
		{2289547E-2563-4FB1-80EF-88975BB340B9}.Release|Any CPU.Build.0 = Release|Any CPU
	EndGlobalSection
	GlobalSection(SolutionProperties) = preSolution
		HideSolutionNode = FALSE
	EndGlobalSection
	GlobalSection(ExtensibilityGlobals) = postSolution
		SolutionGuid = {1EC91834-024F-4F56-81BC-3489BEFDFC33}
	EndGlobalSection
EndGlobal
